<?xml version="1.0" encoding="utf-8"?>
<Project ToolsVersion="4.0" xmlns="http://schemas.microsoft.com/developer/msbuild/2003">
  <ItemGroup>
    <Filter Include="源文件">
      <UniqueIdentifier>{4FC737F1-C7A5-4376-A066-2A32D752A2FF}</UniqueIdentifier>
      <Extensions>cpp;c;cc;cxx;c++;def;odl;idl;hpj;bat;asm;asmx</Extensions>
    </Filter>
    <Filter Include="头文件">
      <UniqueIdentifier>{93995380-89BD-4b04-88EB-625FBE52EBFB}</UniqueIdentifier>
      <Extensions>h;hh;hpp;hxx;h++;hm;inl;inc;ipp;xsd</Extensions>
    </Filter>
    <Filter Include="资源文件">
      <UniqueIdentifier>{67DA6AB6-F800-4c08-8B7A-83BB121AAD01}</UniqueIdentifier>
      <Extensions>rc;ico;cur;bmp;dlg;rc2;rct;bin;rgs;gif;jpg;jpeg;jpe;resx;tiff;tif;png;wav;mfcribbon-ms</Extensions>
    </Filter>
  </ItemGroup>
  <ItemGroup>
    <ClCompile Include="01分段函数.cpp">
      <Filter>资源文件</Filter>
    </ClCompile>
    <ClCompile Include="02求分数序列和.cpp">
      <Filter>资源文件</Filter>
    </ClCompile>
    <ClCompile Include="03画矩形.cpp">
      <Filter>资源文件</Filter>
    </ClCompile>
    <ClCompile Include="源.cpp">
      <Filter>头文件</Filter>
    </ClCompile>
    <ClCompile Include="04求出e的值.cpp">
      <Filter>资源文件</Filter>
    </ClCompile>
    <ClCompile Include="05计算多项式的值.cpp">
      <Filter>资源文件</Filter>
    </ClCompile>
    <ClCompile Include="06大整数加法.cpp">
      <Filter>资源文件</Filter>
    </ClCompile>
    <ClCompile Include="07有趣的跳跃.cpp">
      <Filter>资源文件</Filter>
    </ClCompile>
    <ClCompile Include="08单词倒排.cpp">
      <Filter>资源文件</Filter>
    </ClCompile>
    <ClCompile Include="09行程长度编码.cpp">
      <Filter>资源文件</Filter>
    </ClCompile>
    <ClCompile Include="10反反复复.cpp">
      <Filter>资源文件</Filter>
    </ClCompile>
    <ClCompile Include="11网线主管.cpp">
      <Filter>资源文件</Filter>
    </ClCompile>
    <ClCompile Include="12查找最接近的元素.cpp">
      <Filter>资源文件</Filter>
    </ClCompile>
    <ClCompile Include="14判断元素是否存在.cpp">
      <Filter>资源文件</Filter>
    </ClCompile>
    <ClCompile Include="13数字1的个数.cpp">
      <Filter>资源文件</Filter>
    </ClCompile>
    <ClCompile Include="06-字符串数字加法.cpp">
      <Filter>资源文件</Filter>
    </ClCompile>
    <ClCompile Include="11-二分法切割网线.cpp">
      <Filter>资源文件</Filter>
    </ClCompile>
    <ClCompile Include="二分法解网线.cpp">
      <Filter>源文件</Filter>
    </ClCompile>
  </ItemGroup>
  <ItemGroup>
    <Text Include="in(7).txt">
      <Filter>资源文件</Filter>
    </Text>
    <Text Include="in(15).txt">
      <Filter>资源文件</Filter>
    </Text>
  </ItemGroup>
</Project>